
Microsoft Visual Studio Solution File, Format Version 12.00
# Visual Studio 15
VisualStudioVersion = 15.0.28010.0
MinimumVisualStudioVersion = 10.0.40219.1
Project("{FAE04EC0-301F-11D3-BF4B-00C04F79EFBC}") = "AbstractInterfaceComparison", "AbstractInterfaceComparison\AbstractInterfaceComparison.csproj", "{0946929E-F4CC-4703-B51B-8B9E8F2106F8}"
EndProject
Global
	GlobalSection(SolutionConfigurationPlatforms) = preSolution
		Debug|Any CPU = Debug|Any CPU
		Release|Any CPU = Release|Any CPU
	EndGlobalSection
	GlobalSection(ProjectConfigurationPlatforms) = postSolution
		{0946929E-F4CC-4703-B51B-8B9E8F2106F8}.Debug|Any CPU.ActiveCfg = Debug|Any CPU
		{0946929E-F4CC-4703-B51B-8B9E8F2106F8}.Debug|Any CPU.Build.0 = Debug|Any CPU
		{0946929E-F4CC-4703-B51B-8B9E8F2106F8}.Release|Any CPU.ActiveCfg = Release|Any CPU
		{0946929E-F4CC-4703-B51B-8B9E8F2106F8}.Release|Any CPU.Build.0 = Release|Any CPU
	EndGlobalSection
	GlobalSection(SolutionProperties) = preSolution
		HideSolutionNode = FALSE
	EndGlobalSection
	GlobalSection(ExtensibilityGlobals) = postSolution
		SolutionGuid = {95B909D0-D168-4D76-BA12-AFCB61B482BF}
	EndGlobalSection
EndGlobal
